# This file was autogenerated by uv via the following command:
#    uv pip compile pyproject.toml --extra dev -o requirements-dev.lock
aiohappyeyeballs==2.6.1
    # via aiohttp
aiohttp==3.12.14
    # via
    #   apache-airflow-providers-http
    #   gcsfs
aiosignal==1.4.0
    # via aiohttp
alembic==1.16.4
    # via
    #   apache-airflow
    #   mlflow
annotated-types==0.7.0
    # via pydantic
anyio==4.9.0
    # via
    #   httpx
    #   litestar
    #   starlette
    #   watchfiles
apache-airflow==2.9.3
    # via
    #   electricity-demand-forecasting-lstm-gcp-terraform (pyproject.toml)
    #   apache-airflow-providers-common-compat
    #   apache-airflow-providers-common-io
    #   apache-airflow-providers-common-sql
    #   apache-airflow-providers-fab
    #   apache-airflow-providers-ftp
    #   apache-airflow-providers-http
    #   apache-airflow-providers-imap
    #   apache-airflow-providers-smtp
    #   apache-airflow-providers-sqlite
apache-airflow-providers-common-compat==1.6.1
    # via
    #   apache-airflow-providers-fab
    #   apache-airflow-providers-smtp
apache-airflow-providers-common-io==1.5.4
    # via apache-airflow
apache-airflow-providers-common-sql==1.26.0
    # via
    #   apache-airflow
    #   apache-airflow-providers-sqlite
apache-airflow-providers-fab==1.5.3
    # via apache-airflow
apache-airflow-providers-ftp==3.12.3
    # via apache-airflow
apache-airflow-providers-http==5.2.2
    # via apache-airflow
apache-airflow-providers-imap==3.8.3
    # via apache-airflow
apache-airflow-providers-smtp==2.0.3
    # via apache-airflow
apache-airflow-providers-sqlite==4.0.2
    # via apache-airflow
apispec==6.8.2
    # via flask-appbuilder
appdirs==1.4.4
    # via iterative-telemetry
argcomplete==3.6.2
    # via apache-airflow
asgiref==3.9.1
    # via
    #   apache-airflow
    #   apache-airflow-providers-http
attrs==25.3.0
    # via
    #   aiohttp
    #   apache-airflow
    #   jsonschema
    #   referencing
babel==2.17.0
    # via flask-babel
blinker==1.9.0
    # via apache-airflow
cachelib==0.13.0
    # via
    #   flask-caching
    #   flask-session
cachetools==5.5.2
    # via
    #   google-auth
    #   mlflow-skinny
certifi==2025.7.14
    # via
    #   evidently
    #   httpcore
    #   httpx
    #   requests
cffi==1.17.1
    # via cryptography
cfgv==3.4.0
    # via pre-commit
charset-normalizer==3.4.2
    # via requests
click==8.2.1
    # via
    #   clickclick
    #   flask
    #   flask-appbuilder
    #   litestar
    #   mlflow-skinny
    #   nltk
    #   rich-click
    #   typer
    #   uvicorn
clickclick==20.10.2
    # via connexion
cloudpickle==3.1.1
    # via mlflow-skinny
colorama==0.4.6
    # via flask-appbuilder
colorlog==4.8.0
    # via apache-airflow
configupdater==3.2
    # via apache-airflow
connexion==2.14.2
    # via apache-airflow
contourpy==1.3.2
    # via matplotlib
coverage==7.9.2
    # via pytest-cov
cron-descriptor==1.4.5
    # via apache-airflow
croniter==6.0.0
    # via apache-airflow
cryptography==45.0.5
    # via
    #   apache-airflow
    #   evidently
cycler==0.12.1
    # via matplotlib
databricks-sdk==0.58.0
    # via mlflow-skinny
decorator==5.2.1
    # via gcsfs
deprecated==1.2.18
    # via
    #   apache-airflow
    #   limits
deprecation==2.1.0
    # via evidently
dill==0.4.0
    # via apache-airflow
distlib==0.3.9
    # via virtualenv
distro==1.9.0
    # via iterative-telemetry
dnspython==2.7.0
    # via email-validator
docker==7.1.0
    # via mlflow
dynaconf==3.2.11
    # via evidently
email-validator==2.2.0
    # via flask-appbuilder
evidently==0.7.10
    # via electricity-demand-forecasting-lstm-gcp-terraform (pyproject.toml)
faker==37.4.0
    # via polyfactory
fastapi==0.116.1
    # via
    #   electricity-demand-forecasting-lstm-gcp-terraform (pyproject.toml)
    #   mlflow-skinny
filelock==3.18.0
    # via
    #   iterative-telemetry
    #   torch
    #   virtualenv
flask==2.2.5
    # via
    #   apache-airflow
    #   apache-airflow-providers-fab
    #   connexion
    #   flask-appbuilder
    #   flask-babel
    #   flask-caching
    #   flask-jwt-extended
    #   flask-limiter
    #   flask-login
    #   flask-session
    #   flask-sqlalchemy
    #   flask-wtf
    #   mlflow
flask-appbuilder==4.5.3
    # via apache-airflow-providers-fab
flask-babel==2.0.0
    # via flask-appbuilder
flask-caching==2.3.1
    # via apache-airflow
flask-jwt-extended==4.7.1
    # via flask-appbuilder
flask-limiter==3.12
    # via flask-appbuilder
flask-login==0.6.3
    # via
    #   apache-airflow-providers-fab
    #   flask-appbuilder
flask-session==0.5.0
    # via apache-airflow
flask-sqlalchemy==2.5.1
    # via flask-appbuilder
flask-wtf==1.2.2
    # via
    #   apache-airflow
    #   flask-appbuilder
fonttools==4.58.5
    # via matplotlib
frozenlist==1.7.0
    # via
    #   aiohttp
    #   aiosignal
fsspec==2025.5.1
    # via
    #   apache-airflow
    #   evidently
    #   gcsfs
    #   torch
    #   universal-pathlib
gcsfs==2025.5.1
    # via electricity-demand-forecasting-lstm-gcp-terraform (pyproject.toml)
gitdb==4.0.12
    # via gitpython
gitpython==3.1.44
    # via mlflow-skinny
google-api-core==2.25.1
    # via
    #   google-cloud-core
    #   google-cloud-storage
google-auth==2.40.3
    # via
    #   databricks-sdk
    #   gcsfs
    #   google-api-core
    #   google-auth-oauthlib
    #   google-cloud-core
    #   google-cloud-storage
google-auth-oauthlib==1.2.2
    # via gcsfs
google-cloud-core==2.4.3
    # via google-cloud-storage
google-cloud-storage==3.2.0
    # via gcsfs
google-crc32c==1.7.1
    # via
    #   google-cloud-storage
    #   google-resumable-media
google-re2==1.1.20240702
    # via
    #   apache-airflow
    #   apache-airflow-providers-fab
google-resumable-media==2.7.2
    # via google-cloud-storage
googleapis-common-protos==1.70.0
    # via
    #   google-api-core
    #   opentelemetry-exporter-otlp-proto-grpc
    #   opentelemetry-exporter-otlp-proto-http
graphene==3.4.3
    # via mlflow
graphql-core==3.2.6
    # via
    #   graphene
    #   graphql-relay
graphql-relay==3.2.0
    # via graphene
greenlet==3.2.3
    # via sqlalchemy
grpcio==1.73.1
    # via opentelemetry-exporter-otlp-proto-grpc
gunicorn==23.0.0
    # via
    #   apache-airflow
    #   mlflow
h11==0.16.0
    # via
    #   httpcore
    #   uvicorn
httpcore==1.0.9
    # via httpx
httptools==0.6.4
    # via uvicorn
httpx==0.28.1
    # via
    #   apache-airflow
    #   litestar
identify==2.6.12
    # via pre-commit
idna==3.10
    # via
    #   anyio
    #   email-validator
    #   httpx
    #   requests
    #   yarl
importlib-metadata==8.7.0
    # via
    #   mlflow-skinny
    #   opentelemetry-api
inflection==0.5.1
    # via connexion
iniconfig==2.1.0
    # via pytest
iterative-telemetry==0.0.10
    # via evidently
itsdangerous==2.2.0
    # via
    #   apache-airflow
    #   connexion
    #   flask
    #   flask-wtf
jinja2==3.1.6
    # via
    #   apache-airflow
    #   flask
    #   flask-babel
    #   python-nvd3
    #   torch
jmespath==1.0.1
    # via apache-airflow-providers-fab
joblib==1.5.1
    # via
    #   nltk
    #   scikit-learn
jsonschema==4.24.0
    # via
    #   apache-airflow
    #   connexion
    #   flask-appbuilder
jsonschema-specifications==2025.4.1
    # via jsonschema
kiwisolver==1.4.8
    # via matplotlib
lazy-object-proxy==1.11.0
    # via apache-airflow
limits==5.4.0
    # via flask-limiter
linkify-it-py==2.0.3
    # via apache-airflow
litestar==2.16.0
    # via evidently
litestar-htmx==0.5.0
    # via litestar
lockfile==0.12.2
    # via
    #   apache-airflow
    #   python-daemon
mako==1.3.10
    # via alembic
markdown-it-py==3.0.0
    # via
    #   apache-airflow
    #   mdit-py-plugins
    #   rich
markupsafe==3.0.2
    # via
    #   apache-airflow
    #   jinja2
    #   mako
    #   werkzeug
    #   wtforms
marshmallow==3.26.1
    # via
    #   flask-appbuilder
    #   marshmallow-oneofschema
    #   marshmallow-sqlalchemy
marshmallow-oneofschema==3.2.0
    # via apache-airflow
marshmallow-sqlalchemy==0.28.2
    # via flask-appbuilder
matplotlib==3.10.3
    # via mlflow
mdit-py-plugins==0.4.2
    # via apache-airflow
mdurl==0.1.2
    # via markdown-it-py
methodtools==0.4.7
    # via
    #   apache-airflow
    #   apache-airflow-providers-common-sql
mlflow==3.1.1
    # via electricity-demand-forecasting-lstm-gcp-terraform (pyproject.toml)
mlflow-skinny==3.1.1
    # via mlflow
more-itertools==10.7.0
    # via apache-airflow-providers-common-sql
mpmath==1.3.0
    # via sympy
msgspec==0.19.0
    # via litestar
multidict==6.6.3
    # via
    #   aiohttp
    #   litestar
    #   yarl
multipart==1.2.1
    # via litestar
mypy-extensions==1.1.0
    # via typing-inspect
networkx==3.5
    # via torch
nltk==3.9.1
    # via evidently
nodeenv==1.9.1
    # via pre-commit
numpy==2.3.1
    # via
    #   electricity-demand-forecasting-lstm-gcp-terraform (pyproject.toml)
    #   contourpy
    #   evidently
    #   matplotlib
    #   mlflow
    #   pandas
    #   patsy
    #   scikit-learn
    #   scipy
    #   statsmodels
nvidia-cublas-cu12==12.6.4.1
    # via
    #   nvidia-cudnn-cu12
    #   nvidia-cusolver-cu12
    #   torch
nvidia-cuda-cupti-cu12==12.6.80
    # via torch
nvidia-cuda-nvrtc-cu12==12.6.77
    # via torch
nvidia-cuda-runtime-cu12==12.6.77
    # via torch
nvidia-cudnn-cu12==9.5.1.17
    # via torch
nvidia-cufft-cu12==11.3.0.4
    # via torch
nvidia-cufile-cu12==1.11.1.6
    # via torch
nvidia-curand-cu12==10.3.7.77
    # via torch
nvidia-cusolver-cu12==11.7.1.2
    # via torch
nvidia-cusparse-cu12==12.5.4.2
    # via
    #   nvidia-cusolver-cu12
    #   torch
nvidia-cusparselt-cu12==0.6.3
    # via torch
nvidia-nccl-cu12==2.26.2
    # via torch
nvidia-nvjitlink-cu12==12.6.85
    # via
    #   nvidia-cufft-cu12
    #   nvidia-cusolver-cu12
    #   nvidia-cusparse-cu12
    #   torch
nvidia-nvtx-cu12==12.6.77
    # via torch
oauthlib==3.3.1
    # via requests-oauthlib
opentelemetry-api==1.35.0
    # via
    #   apache-airflow
    #   mlflow-skinny
    #   opentelemetry-exporter-otlp-proto-grpc
    #   opentelemetry-exporter-otlp-proto-http
    #   opentelemetry-sdk
    #   opentelemetry-semantic-conventions
opentelemetry-exporter-otlp==1.35.0
    # via apache-airflow
opentelemetry-exporter-otlp-proto-common==1.35.0
    # via
    #   opentelemetry-exporter-otlp-proto-grpc
    #   opentelemetry-exporter-otlp-proto-http
opentelemetry-exporter-otlp-proto-grpc==1.35.0
    # via opentelemetry-exporter-otlp
opentelemetry-exporter-otlp-proto-http==1.35.0
    # via opentelemetry-exporter-otlp
opentelemetry-proto==1.35.0
    # via
    #   opentelemetry-exporter-otlp-proto-common
    #   opentelemetry-exporter-otlp-proto-grpc
    #   opentelemetry-exporter-otlp-proto-http
opentelemetry-sdk==1.35.0
    # via
    #   mlflow-skinny
    #   opentelemetry-exporter-otlp-proto-grpc
    #   opentelemetry-exporter-otlp-proto-http
opentelemetry-semantic-conventions==0.56b0
    # via opentelemetry-sdk
ordered-set==4.1.0
    # via flask-limiter
packaging==25.0
    # via
    #   apache-airflow
    #   apispec
    #   connexion
    #   deprecation
    #   gunicorn
    #   limits
    #   marshmallow
    #   marshmallow-sqlalchemy
    #   matplotlib
    #   mlflow-skinny
    #   plotly
    #   pytest
    #   statsmodels
pandas==2.3.1
    # via
    #   electricity-demand-forecasting-lstm-gcp-terraform (pyproject.toml)
    #   evidently
    #   mlflow
    #   statsmodels
pathspec==0.12.1
    # via apache-airflow
patsy==1.0.1
    # via statsmodels
pendulum==3.1.0
    # via apache-airflow
pillow==11.3.0
    # via matplotlib
platformdirs==4.3.8
    # via virtualenv
plotly==5.24.1
    # via evidently
pluggy==1.6.0
    # via
    #   apache-airflow
    #   pytest
    #   pytest-cov
polyfactory==2.22.1
    # via litestar
pre-commit==4.2.0
    # via electricity-demand-forecasting-lstm-gcp-terraform (pyproject.toml)
prison==0.2.1
    # via flask-appbuilder
propcache==0.3.2
    # via
    #   aiohttp
    #   yarl
proto-plus==1.26.1
    # via google-api-core
protobuf==6.31.1
    # via
    #   google-api-core
    #   googleapis-common-protos
    #   mlflow-skinny
    #   opentelemetry-proto
    #   proto-plus
psutil==7.0.0
    # via apache-airflow
pyarrow==20.0.0
    # via
    #   mlflow
    #   pandas
pyasn1==0.6.1
    # via
    #   pyasn1-modules
    #   rsa
pyasn1-modules==0.4.2
    # via google-auth
pycparser==2.22
    # via cffi
pydantic==2.11.7
    # via
    #   evidently
    #   fastapi
    #   mlflow-skinny
pydantic-core==2.33.2
    # via pydantic
pygments==2.19.2
    # via
    #   apache-airflow
    #   pytest
    #   rich
pyjwt==2.10.1
    # via
    #   apache-airflow
    #   flask-appbuilder
    #   flask-jwt-extended
pyparsing==3.2.3
    # via matplotlib
pytest==8.4.1
    # via
    #   electricity-demand-forecasting-lstm-gcp-terraform (pyproject.toml)
    #   pytest-cov
pytest-cov==6.2.1
    # via electricity-demand-forecasting-lstm-gcp-terraform (pyproject.toml)
python-daemon==3.1.2
    # via apache-airflow
python-dateutil==2.9.0.post0
    # via
    #   apache-airflow
    #   croniter
    #   flask-appbuilder
    #   graphene
    #   matplotlib
    #   pandas
    #   pendulum
python-dotenv==1.1.1
    # via uvicorn
python-nvd3==0.16.0
    # via apache-airflow
python-slugify==8.0.4
    # via
    #   apache-airflow
    #   python-nvd3
pytz==2025.2
    # via
    #   croniter
    #   flask-babel
    #   pandas
pyyaml==6.0.2
    # via
    #   apispec
    #   clickclick
    #   connexion
    #   evidently
    #   litestar
    #   mlflow-skinny
    #   pre-commit
    #   uvicorn
referencing==0.36.2
    # via
    #   jsonschema
    #   jsonschema-specifications
regex==2024.11.6
    # via nltk
requests==2.32.4
    # via
    #   apache-airflow
    #   apache-airflow-providers-http
    #   connexion
    #   databricks-sdk
    #   docker
    #   evidently
    #   gcsfs
    #   google-api-core
    #   google-cloud-storage
    #   iterative-telemetry
    #   mlflow-skinny
    #   opentelemetry-exporter-otlp-proto-http
    #   requests-oauthlib
    #   requests-toolbelt
requests-oauthlib==2.0.0
    # via google-auth-oauthlib
requests-toolbelt==1.0.0
    # via apache-airflow-providers-http
rfc3339-validator==0.1.4
    # via apache-airflow
rich==13.9.4
    # via
    #   apache-airflow
    #   evidently
    #   flask-limiter
    #   litestar
    #   rich-argparse
    #   rich-click
    #   typer
rich-argparse==1.7.1
    # via apache-airflow
rich-click==1.8.9
    # via litestar
rpds-py==0.26.0
    # via
    #   jsonschema
    #   referencing
rsa==4.9.1
    # via google-auth
ruff==0.12.3
    # via electricity-demand-forecasting-lstm-gcp-terraform (pyproject.toml)
scikit-learn==1.7.0
    # via
    #   evidently
    #   mlflow
scipy==1.16.0
    # via
    #   evidently
    #   mlflow
    #   scikit-learn
    #   statsmodels
setproctitle==1.3.6
    # via apache-airflow
setuptools==80.9.0
    # via
    #   torch
    #   triton
shellingham==1.5.4
    # via typer
six==1.17.0
    # via
    #   prison
    #   python-dateutil
    #   rfc3339-validator
    #   wirerope
smmap==5.0.2
    # via gitdb
sniffio==1.3.1
    # via anyio
sqlalchemy==1.4.54
    # via
    #   alembic
    #   apache-airflow
    #   flask-appbuilder
    #   flask-sqlalchemy
    #   marshmallow-sqlalchemy
    #   mlflow
    #   sqlalchemy-jsonfield
    #   sqlalchemy-utils
sqlalchemy-jsonfield==1.0.2
    # via apache-airflow
sqlalchemy-utils==0.41.2
    # via flask-appbuilder
sqlparse==0.5.3
    # via
    #   apache-airflow-providers-common-sql
    #   mlflow-skinny
starlette==0.47.1
    # via fastapi
statsmodels==0.14.5
    # via evidently
sympy==1.14.0
    # via torch
tabulate==0.9.0
    # via apache-airflow
tenacity==9.1.2
    # via
    #   apache-airflow
    #   plotly
termcolor==3.1.0
    # via apache-airflow
terraform-python==0.0.1
    # via electricity-demand-forecasting-lstm-gcp-terraform (pyproject.toml)
text-unidecode==1.3
    # via python-slugify
threadpoolctl==3.6.0
    # via scikit-learn
torch==2.7.1
    # via electricity-demand-forecasting-lstm-gcp-terraform (pyproject.toml)
tqdm==4.67.1
    # via nltk
triton==3.3.1
    # via torch
typer==0.16.0
    # via evidently
typing-extensions==4.14.1
    # via
    #   aiosignal
    #   alembic
    #   anyio
    #   fastapi
    #   graphene
    #   limits
    #   litestar
    #   mlflow-skinny
    #   opentelemetry-api
    #   opentelemetry-exporter-otlp-proto-grpc
    #   opentelemetry-exporter-otlp-proto-http
    #   opentelemetry-sdk
    #   opentelemetry-semantic-conventions
    #   polyfactory
    #   pydantic
    #   pydantic-core
    #   referencing
    #   rich-click
    #   starlette
    #   torch
    #   typer
    #   typing-inspect
    #   typing-inspection
typing-inspect==0.9.0
    # via evidently
typing-inspection==0.4.1
    # via pydantic
tzdata==2025.2
    # via
    #   faker
    #   pandas
    #   pendulum
uc-micro-py==1.0.3
    # via linkify-it-py
ujson==5.10.0
    # via evidently
unicodecsv==0.14.1
    # via apache-airflow
universal-pathlib==0.2.6
    # via apache-airflow
urllib3==2.5.0
    # via
    #   docker
    #   evidently
    #   requests
uuid6==2025.0.1
    # via evidently
uvicorn==0.35.0
    # via
    #   electricity-demand-forecasting-lstm-gcp-terraform (pyproject.toml)
    #   evidently
    #   mlflow-skinny
uvloop==0.21.0
    # via uvicorn
virtualenv==20.31.2
    # via pre-commit
watchdog==6.0.0
    # via evidently
watchfiles==1.1.0
    # via uvicorn
websockets==15.0.1
    # via uvicorn
werkzeug==2.2.3
    # via
    #   apache-airflow
    #   connexion
    #   flask
    #   flask-appbuilder
    #   flask-jwt-extended
    #   flask-login
wirerope==1.0.0
    # via methodtools
wrapt==1.17.2
    # via deprecated
wtforms==3.2.1
    # via
    #   flask-appbuilder
    #   flask-wtf
yarl==1.20.1
    # via aiohttp
zipp==3.23.0
    # via importlib-metadata
